
Microsoft Visual Studio Solution File, Format Version 12.00
# Visual Studio Version 17
VisualStudioVersion = 17.11.35327.3
MinimumVisualStudioVersion = 10.0.40219.1
Project("{FAE04EC0-301F-11D3-BF4B-00C04F79EFBC}") = "Queues_Using_Array", "Queues_Using_Array.csproj", "{DD6465D6-DF4A-4DC4-8DB8-424FCBA9CA93}"
EndProject
Global
	GlobalSection(SolutionConfigurationPlatforms) = preSolution
		Debug|Any CPU = Debug|Any CPU
		Release|Any CPU = Release|Any CPU
	EndGlobalSection
	GlobalSection(ProjectConfigurationPlatforms) = postSolution
		{DD6465D6-DF4A-4DC4-8DB8-424FCBA9CA93}.Debug|Any CPU.ActiveCfg = Debug|Any CPU
		{DD6465D6-DF4A-4DC4-8DB8-424FCBA9CA93}.Debug|Any CPU.Build.0 = Debug|Any CPU
		{DD6465D6-DF4A-4DC4-8DB8-424FCBA9CA93}.Release|Any CPU.ActiveCfg = Release|Any CPU
		{DD6465D6-DF4A-4DC4-8DB8-424FCBA9CA93}.Release|Any CPU.Build.0 = Release|Any CPU
	EndGlobalSection
	GlobalSection(SolutionProperties) = preSolution
		HideSolutionNode = FALSE
	EndGlobalSection
	GlobalSection(ExtensibilityGlobals) = postSolution
		SolutionGuid = {29FF827E-4A75-4C51-8C23-D05490936C63}
	EndGlobalSection
EndGlobal
