
Microsoft Visual Studio Solution File, Format Version 12.00
# Visual Studio Version 17
VisualStudioVersion = 17.11.35327.3
MinimumVisualStudioVersion = 10.0.40219.1
Project("{FAE04EC0-301F-11D3-BF4B-00C04F79EFBC}") = "Stack_Using_LinkedList", "Stack_Using_LinkedList.csproj", "{55D64C26-1D8B-4AFF-A0E0-454469833D1D}"
EndProject
Global
	GlobalSection(SolutionConfigurationPlatforms) = preSolution
		Debug|Any CPU = Debug|Any CPU
		Release|Any CPU = Release|Any CPU
	EndGlobalSection
	GlobalSection(ProjectConfigurationPlatforms) = postSolution
		{55D64C26-1D8B-4AFF-A0E0-454469833D1D}.Debug|Any CPU.ActiveCfg = Debug|Any CPU
		{55D64C26-1D8B-4AFF-A0E0-454469833D1D}.Debug|Any CPU.Build.0 = Debug|Any CPU
		{55D64C26-1D8B-4AFF-A0E0-454469833D1D}.Release|Any CPU.ActiveCfg = Release|Any CPU
		{55D64C26-1D8B-4AFF-A0E0-454469833D1D}.Release|Any CPU.Build.0 = Release|Any CPU
	EndGlobalSection
	GlobalSection(SolutionProperties) = preSolution
		HideSolutionNode = FALSE
	EndGlobalSection
	GlobalSection(ExtensibilityGlobals) = postSolution
		SolutionGuid = {2987A5BE-DCBA-4B43-9023-3A3D097F5E95}
	EndGlobalSection
EndGlobal
